// !$*UTF8*$!
{
	archiveVersion = 1;
	classes = {
	};
	objectVersion = 50;
	objects = {

/* Begin PBXBuildFile section */
		39FD36A12433EB7F006E4FAB /* main.swift in Sources */ = {isa = PBXBuildFile; fileRef = 39FD36A02433EB7F006E4FAB /* main.swift */; };
		39FD36A82433ECC0006E4FAB /* Baby.swift in Sources */ = {isa = PBXBuildFile; fileRef = 39FD36A72433ECC0006E4FAB /* Baby.swift */; };
		39FD36AE2433F7C0006E4FAB /* Mercado.swift in Sources */ = {isa = PBXBuildFile; fileRef = 39FD36AD2433F7C0006E4FAB /* Mercado.swift */; };
		39FD36B22433F9C0006E4FAB /* Mercadoria.swift in Sources */ = {isa = PBXBuildFile; fileRef = 39FD36B12433F9C0006E4FAB /* Mercadoria.swift */; };
		39FD36B42433FBA9006E4FAB /* World.swift in Sources */ = {isa = PBXBuildFile; fileRef = 39FD36B32433FBA9006E4FAB /* World.swift */; };
		39FD36B62434291A006E4FAB /* BabyPrints.swift in Sources */ = {isa = PBXBuildFile; fileRef = 39FD36B52434291A006E4FAB /* BabyPrints.swift */; };
/* End PBXBuildFile section */

/* Begin PBXCopyFilesBuildPhase section */
		39FD369B2433EB7F006E4FAB /* CopyFiles */ = {
			isa = PBXCopyFilesBuildPhase;
			buildActionMask = 2147483647;
			dstPath = /usr/share/man/man1/;
			dstSubfolderSpec = 0;
			files = (
			);
			runOnlyForDeploymentPostprocessing = 1;
		};
/* End PBXCopyFilesBuildPhase section */

/* Begin PBXFileReference section */
		39FD369D2433EB7F006E4FAB /* Tamagotchi */ = {isa = PBXFileReference; explicitFileType = "compiled.mach-o.executable"; includeInIndex = 0; path = Tamagotchi; sourceTree = BUILT_PRODUCTS_DIR; };
		39FD36A02433EB7F006E4FAB /* main.swift */ = {isa = PBXFileReference; lastKnownFileType = sourcecode.swift; path = main.swift; sourceTree = "<group>"; };
		39FD36A72433ECC0006E4FAB /* Baby.swift */ = {isa = PBXFileReference; lastKnownFileType = sourcecode.swift; path = Baby.swift; sourceTree = "<group>"; };
		39FD36AD2433F7C0006E4FAB /* Mercado.swift */ = {isa = PBXFileReference; lastKnownFileType = sourcecode.swift; path = Mercado.swift; sourceTree = "<group>"; };
		39FD36B12433F9C0006E4FAB /* Mercadoria.swift */ = {isa = PBXFileReference; lastKnownFileType = sourcecode.swift; path = Mercadoria.swift; sourceTree = "<group>"; };
		39FD36B32433FBA9006E4FAB /* World.swift */ = {isa = PBXFileReference; lastKnownFileType = sourcecode.swift; path = World.swift; sourceTree = "<group>"; };
		39FD36B52434291A006E4FAB /* BabyPrints.swift */ = {isa = PBXFileReference; lastKnownFileType = sourcecode.swift; path = BabyPrints.swift; sourceTree = "<group>"; };
/* End PBXFileReference section */

/* Begin PBXFrameworksBuildPhase section */
		39FD369A2433EB7F006E4FAB /* Frameworks */ = {
			isa = PBXFrameworksBuildPhase;
			buildActionMask = 2147483647;
			files = (
			);
			runOnlyForDeploymentPostprocessing = 0;
		};
/* End PBXFrameworksBuildPhase section */

/* Begin PBXGroup section */
		39FD36942433EB7F006E4FAB = {
			isa = PBXGroup;
			children = (
				39FD369F2433EB7F006E4FAB /* Tamagotchi */,
				39FD369E2433EB7F006E4FAB /* Products */,
			);
			sourceTree = "<group>";
		};
		39FD369E2433EB7F006E4FAB /* Products */ = {
			isa = PBXGroup;
			children = (
				39FD369D2433EB7F006E4FAB /* Tamagotchi */,
			);
			name = Products;
			sourceTree = "<group>";
		};
		39FD369F2433EB7F006E4FAB /* Tamagotchi */ = {
			isa = PBXGroup;
			children = (
				39FD36A02433EB7F006E4FAB /* main.swift */,
				39FD36A72433ECC0006E4FAB /* Baby.swift */,
				39FD36AD2433F7C0006E4FAB /* Mercado.swift */,
				39FD36B12433F9C0006E4FAB /* Mercadoria.swift */,
				39FD36B32433FBA9006E4FAB /* World.swift */,
				39FD36B52434291A006E4FAB /* BabyPrints.swift */,
			);
			path = Tamagotchi;
			sourceTree = "<group>";
		};
/* End PBXGroup section */

/* Begin PBXNativeTarget section */
		39FD369C2433EB7F006E4FAB /* Tamagotchi */ = {
			isa = PBXNativeTarget;
			buildConfigurationList = 39FD36A42433EB7F006E4FAB /* Build configuration list for PBXNativeTarget "Tamagotchi" */;
			buildPhases = (
				39FD36992433EB7F006E4FAB /* Sources */,
				39FD369A2433EB7F006E4FAB /* Frameworks */,
				39FD369B2433EB7F006E4FAB /* CopyFiles */,
			);
			buildRules = (
			);
			dependencies = (
			);
			name = Tamagotchi;
			productName = Tamagotchi;
			productReference = 39FD369D2433EB7F006E4FAB /* Tamagotchi */;
			productType = "com.apple.product-type.tool";
		};
/* End PBXNativeTarget section */

/* Begin PBXProject section */
		39FD36952433EB7F006E4FAB /* Project object */ = {
			isa = PBXProject;
			attributes = {
				LastSwiftUpdateCheck = 1130;
				LastUpgradeCheck = 1130;
				ORGANIZATIONNAME = "samuel sales";
				TargetAttributes = {
					39FD369C2433EB7F006E4FAB = {
						CreatedOnToolsVersion = 11.3.1;
					};
				};
			};
			buildConfigurationList = 39FD36982433EB7F006E4FAB /* Build configuration list for PBXProject "Tamagotchi" */;
			compatibilityVersion = "Xcode 9.3";
			developmentRegion = en;
			hasScannedForEncodings = 0;
			knownRegions = (
				en,
				Base,
			);
			mainGroup = 39FD36942433EB7F006E4FAB;
			productRefGroup = 39FD369E2433EB7F006E4FAB /* Products */;
			projectDirPath = "";
			projectRoot = "";
			targets = (
				39FD369C2433EB7F006E4FAB /* Tamagotchi */,
			);
		};
/* End PBXProject section */

/* Begin PBXSourcesBuildPhase section */
		39FD36992433EB7F006E4FAB /* Sources */ = {
			isa = PBXSourcesBuildPhase;
			buildActionMask = 2147483647;
			files = (
				39FD36A12433EB7F006E4FAB /* main.swift in Sources */,
				39FD36B62434291A006E4FAB /* BabyPrints.swift in Sources */,
				39FD36A82433ECC0006E4FAB /* Baby.swift in Sources */,
				39FD36B22433F9C0006E4FAB /* Mercadoria.swift in Sources */,
				39FD36AE2433F7C0006E4FAB /* Mercado.swift in Sources */,
				39FD36B42433FBA9006E4FAB /* World.swift in Sources */,
			);
			runOnlyForDeploymentPostprocessing = 0;
		};
/* End PBXSourcesBuildPhase section */

/* Begin XCBuildConfiguration section */
		39FD36A22433EB7F006E4FAB /* Debug */ = {
			isa = XCBuildConfiguration;
			buildSettings = {
				ALWAYS_SEARCH_USER_PATHS = NO;
				CLANG_ANALYZER_NONNULL = YES;
				CLANG_ANALYZER_NUMBER_OBJECT_CONVERSION = YES_AGGRESSIVE;
				CLANG_CXX_LANGUAGE_STANDARD = "gnu++14";
				CLANG_CXX_LIBRARY = "libc++";
				CLANG_ENABLE_MODULES = YES;
				CLANG_ENABLE_OBJC_ARC = YES;
				CLANG_ENABLE_OBJC_WEAK = YES;
				CLANG_WARN_BLOCK_CAPTURE_AUTORELEASING = YES;
				CLANG_WARN_BOOL_CONVERSION = YES;
				CLANG_WARN_COMMA = YES;
				CLANG_WARN_CONSTANT_CONVERSION = YES;
				CLANG_WARN_DEPRECATED_OBJC_IMPLEMENTATIONS = YES;
				CLANG_WARN_DIRECT_OBJC_ISA_USAGE = YES_ERROR;
				CLANG_WARN_DOCUMENTATION_COMMENTS = YES;
				CLANG_WARN_EMPTY_BODY = YES;
				CLANG_WARN_ENUM_CONVERSION = YES;
				CLANG_WARN_INFINITE_RECURSION = YES;
				CLANG_WARN_INT_CONVERSION = YES;
				CLANG_WARN_NON_LITERAL_NULL_CONVERSION = YES;
				CLANG_WARN_OBJC_IMPLICIT_RETAIN_SELF = YES;
				CLANG_WARN_OBJC_LITERAL_CONVERSION = YES;
				CLANG_WARN_OBJC_ROOT_CLASS = YES_ERROR;
				CLANG_WARN_RANGE_LOOP_ANALYSIS = YES;
				CLANG_WARN_STRICT_PROTOTYPES = YES;
				CLANG_WARN_SUSPICIOUS_MOVE = YES;
				CLANG_WARN_UNGUARDED_AVAILABILITY = YES_AGGRESSIVE;
				CLANG_WARN_UNREACHABLE_CODE = YES;
				CLANG_WARN__DUPLICATE_METHOD_MATCH = YES;
				COPY_PHASE_STRIP = NO;
				DEBUG_INFORMATION_FORMAT = dwarf;
				ENABLE_STRICT_OBJC_MSGSEND = YES;
				ENABLE_TESTABILITY = YES;
				GCC_C_LANGUAGE_STANDARD = gnu11;
				GCC_DYNAMIC_NO_PIC = NO;
				GCC_NO_COMMON_BLOCKS = YES;
				GCC_OPTIMIZATION_LEVEL = 0;
				GCC_PREPROCESSOR_DEFINITIONS = (
					"DEBUG=1",
					"$(inherited)",
				);
				GCC_WARN_64_TO_32_BIT_CONVERSION = YES;
				GCC_WARN_ABOUT_RETURN_TYPE = YES_ERROR;
				GCC_WARN_UNDECLARED_SELECTOR = YES;
				GCC_WARN_UNINITIALIZED_AUTOS = YES_AGGRESSIVE;
				GCC_WARN_UNUSED_FUNCTION = YES;
				GCC_WARN_UNUSED_VARIABLE = YES;
				MACOSX_DEPLOYMENT_TARGET = 10.15;
				MTL_ENABLE_DEBUG_INFO = INCLUDE_SOURCE;
				MTL_FAST_MATH = YES;
				ONLY_ACTIVE_ARCH = YES;
				SDKROOT = macosx;
				SWIFT_ACTIVE_COMPILATION_CONDITIONS = DEBUG;
				SWIFT_OPTIMIZATION_LEVEL = "-Onone";
			};
			name = Debug;
		};
		39FD36A32433EB7F006E4FAB /* Release */ = {
			isa = XCBuildConfiguration;
			buildSettings = {
				ALWAYS_SEARCH_USER_PATHS = NO;
				CLANG_ANALYZER_NONNULL = YES;
				CLANG_ANALYZER_NUMBER_OBJECT_CONVERSION = YES_AGGRESSIVE;
				CLANG_CXX_LANGUAGE_STANDARD = "gnu++14";
				CLANG_CXX_LIBRARY = "libc++";
				CLANG_ENABLE_MODULES = YES;
				CLANG_ENABLE_OBJC_ARC = YES;
				CLANG_ENABLE_OBJC_WEAK = YES;
				CLANG_WARN_BLOCK_CAPTURE_AUTORELEASING = YES;
				CLANG_WARN_BOOL_CONVERSION = YES;
				CLANG_WARN_COMMA = YES;
				CLANG_WARN_CONSTANT_CONVERSION = YES;
				CLANG_WARN_DEPRECATED_OBJC_IMPLEMENTATIONS = YES;
				CLANG_WARN_DIRECT_OBJC_ISA_USAGE = YES_ERROR;
				CLANG_WARN_DOCUMENTATION_COMMENTS = YES;
				CLANG_WARN_EMPTY_BODY = YES;
				CLANG_WARN_ENUM_CONVERSION = YES;
				CLANG_WARN_INFINITE_RECURSION = YES;
				CLANG_WARN_INT_CONVERSION = YES;
				CLANG_WARN_NON_LITERAL_NULL_CONVERSION = YES;
				CLANG_WARN_OBJC_IMPLICIT_RETAIN_SELF = YES;
				CLANG_WARN_OBJC_LITERAL_CONVERSION = YES;
				CLANG_WARN_OBJC_ROOT_CLASS = YES_ERROR;
				CLANG_WARN_RANGE_LOOP_ANALYSIS = YES;
				CLANG_WARN_STRICT_PROTOTYPES = YES;
				CLANG_WARN_SUSPICIOUS_MOVE = YES;
				CLANG_WARN_UNGUARDED_AVAILABILITY = YES_AGGRESSIVE;
				CLANG_WARN_UNREACHABLE_CODE = YES;
				CLANG_WARN__DUPLICATE_METHOD_MATCH = YES;
				COPY_PHASE_STRIP = NO;
				DEBUG_INFORMATION_FORMAT = "dwarf-with-dsym";
				ENABLE_NS_ASSERTIONS = NO;
				ENABLE_STRICT_OBJC_MSGSEND = YES;
				GCC_C_LANGUAGE_STANDARD = gnu11;
				GCC_NO_COMMON_BLOCKS = YES;
				GCC_WARN_64_TO_32_BIT_CONVERSION = YES;
				GCC_WARN_ABOUT_RETURN_TYPE = YES_ERROR;
				GCC_WARN_UNDECLARED_SELECTOR = YES;
				GCC_WARN_UNINITIALIZED_AUTOS = YES_AGGRESSIVE;
				GCC_WARN_UNUSED_FUNCTION = YES;
				GCC_WARN_UNUSED_VARIABLE = YES;
				MACOSX_DEPLOYMENT_TARGET = 10.15;
				MTL_ENABLE_DEBUG_INFO = NO;
				MTL_FAST_MATH = YES;
				SDKROOT = macosx;
				SWIFT_COMPILATION_MODE = wholemodule;
				SWIFT_OPTIMIZATION_LEVEL = "-O";
			};
			name = Release;
		};
		39FD36A52433EB7F006E4FAB /* Debug */ = {
			isa = XCBuildConfiguration;
			buildSettings = {
				CODE_SIGN_STYLE = Automatic;
				PRODUCT_NAME = "$(TARGET_NAME)";
				SWIFT_VERSION = 5.0;
			};
			name = Debug;
		};
		39FD36A62433EB7F006E4FAB /* Release */ = {
			isa = XCBuildConfiguration;
			buildSettings = {
				CODE_SIGN_STYLE = Automatic;
				PRODUCT_NAME = "$(TARGET_NAME)";
				SWIFT_VERSION = 5.0;
			};
			name = Release;
		};
/* End XCBuildConfiguration section */

/* Begin XCConfigurationList section */
		39FD36982433EB7F006E4FAB /* Build configuration list for PBXProject "Tamagotchi" */ = {
			isa = XCConfigurationList;
			buildConfigurations = (
				39FD36A22433EB7F006E4FAB /* Debug */,
				39FD36A32433EB7F006E4FAB /* Release */,
			);
			defaultConfigurationIsVisible = 0;
			defaultConfigurationName = Release;
		};
		39FD36A42433EB7F006E4FAB /* Build configuration list for PBXNativeTarget "Tamagotchi" */ = {
			isa = XCConfigurationList;
			buildConfigurations = (
				39FD36A52433EB7F006E4FAB /* Debug */,
				39FD36A62433EB7F006E4FAB /* Release */,
			);
			defaultConfigurationIsVisible = 0;
			defaultConfigurationName = Release;
		};
/* End XCConfigurationList section */
	};
	rootObject = 39FD36952433EB7F006E4FAB /* Project object */;
}
